// !$*UTF8*$!
{
	archiveVersion = 1;
	classes = {
	};
	objectVersion = 46;
	objects = {

/* Begin PBXBuildFile section */
		48847BE91DC39BC300C5B917 /* 14292417_636075063227796_492714739699737027_n.jpg in Resources */ = {isa = PBXBuildFile; fileRef = 48847BE81DC39BC300C5B917 /* 14292417_636075063227796_492714739699737027_n.jpg */; };
		D00345431DC3143E001B8DFA /* BedRoom2ViewController.swift in Sources */ = {isa = PBXBuildFile; fileRef = D00345411DC3143E001B8DFA /* BedRoom2ViewController.swift */; };
		D00345441DC3143E001B8DFA /* BedRoom2ViewController.xib in Resources */ = {isa = PBXBuildFile; fileRef = D00345421DC3143E001B8DFA /* BedRoom2ViewController.xib */; };
		D00C11051DC1C13200206A26 /* broom.jpg in Resources */ = {isa = PBXBuildFile; fileRef = D00C11041DC1C13200206A26 /* broom.jpg */; };
		EA09C7B81DC1BFD300486ADF /* AppDelegate.swift in Sources */ = {isa = PBXBuildFile; fileRef = EA09C7B71DC1BFD300486ADF /* AppDelegate.swift */; };
		EA09C7BA1DC1BFD300486ADF /* ViewController.swift in Sources */ = {isa = PBXBuildFile; fileRef = EA09C7B91DC1BFD300486ADF /* ViewController.swift */; };
		EA09C7BD1DC1BFD300486ADF /* Main.storyboard in Resources */ = {isa = PBXBuildFile; fileRef = EA09C7BB1DC1BFD300486ADF /* Main.storyboard */; };
		EA09C7BF1DC1BFD300486ADF /* Assets.xcassets in Resources */ = {isa = PBXBuildFile; fileRef = EA09C7BE1DC1BFD300486ADF /* Assets.xcassets */; };
		EA09C7C21DC1BFD300486ADF /* LaunchScreen.storyboard in Resources */ = {isa = PBXBuildFile; fileRef = EA09C7C01DC1BFD300486ADF /* LaunchScreen.storyboard */; };
		EA09C7CB1DC1BFFE00486ADF /* DinningRoomViewController.swift in Sources */ = {isa = PBXBuildFile; fileRef = EA09C7C91DC1BFFE00486ADF /* DinningRoomViewController.swift */; };
		EA09C7CC1DC1BFFE00486ADF /* DinningRoomViewController.xib in Resources */ = {isa = PBXBuildFile; fileRef = EA09C7CA1DC1BFFE00486ADF /* DinningRoomViewController.xib */; };
		EA09C7CF1DC1C00A00486ADF /* BedRoomViewController.swift in Sources */ = {isa = PBXBuildFile; fileRef = EA09C7CD1DC1C00A00486ADF /* BedRoomViewController.swift */; };
		EA09C7D01DC1C00A00486ADF /* BedRoomViewController.xib in Resources */ = {isa = PBXBuildFile; fileRef = EA09C7CE1DC1C00A00486ADF /* BedRoomViewController.xib */; };
		EA09C7D21DC1C17D00486ADF /* 14333829_636074979894471_7575092079678901350_n.jpg in Resources */ = {isa = PBXBuildFile; fileRef = EA09C7D11DC1C17D00486ADF /* 14333829_636074979894471_7575092079678901350_n.jpg */; };
/* End PBXBuildFile section */

/* Begin PBXFileReference section */
		48847BE81DC39BC300C5B917 /* 14292417_636075063227796_492714739699737027_n.jpg */ = {isa = PBXFileReference; lastKnownFileType = image.jpeg; path = 14292417_636075063227796_492714739699737027_n.jpg; sourceTree = "<group>"; };
		D00345411DC3143E001B8DFA /* BedRoom2ViewController.swift */ = {isa = PBXFileReference; fileEncoding = 4; lastKnownFileType = sourcecode.swift; path = BedRoom2ViewController.swift; sourceTree = "<group>"; };
		D00345421DC3143E001B8DFA /* BedRoom2ViewController.xib */ = {isa = PBXFileReference; fileEncoding = 4; lastKnownFileType = file.xib; path = BedRoom2ViewController.xib; sourceTree = "<group>"; };
		D00C11041DC1C13200206A26 /* broom.jpg */ = {isa = PBXFileReference; lastKnownFileType = image.jpeg; path = broom.jpg; sourceTree = "<group>"; };
		EA09C7B41DC1BFD300486ADF /* realestate.app */ = {isa = PBXFileReference; explicitFileType = wrapper.application; includeInIndex = 0; path = realestate.app; sourceTree = BUILT_PRODUCTS_DIR; };
		EA09C7B71DC1BFD300486ADF /* AppDelegate.swift */ = {isa = PBXFileReference; lastKnownFileType = sourcecode.swift; path = AppDelegate.swift; sourceTree = "<group>"; };
		EA09C7B91DC1BFD300486ADF /* ViewController.swift */ = {isa = PBXFileReference; lastKnownFileType = sourcecode.swift; path = ViewController.swift; sourceTree = "<group>"; };
		EA09C7BC1DC1BFD300486ADF /* Base */ = {isa = PBXFileReference; lastKnownFileType = file.storyboard; name = Base; path = Base.lproj/Main.storyboard; sourceTree = "<group>"; };
		EA09C7BE1DC1BFD300486ADF /* Assets.xcassets */ = {isa = PBXFileReference; lastKnownFileType = folder.assetcatalog; path = Assets.xcassets; sourceTree = "<group>"; };
		EA09C7C11DC1BFD300486ADF /* Base */ = {isa = PBXFileReference; lastKnownFileType = file.storyboard; name = Base; path = Base.lproj/LaunchScreen.storyboard; sourceTree = "<group>"; };
		EA09C7C31DC1BFD300486ADF /* Info.plist */ = {isa = PBXFileReference; lastKnownFileType = text.plist.xml; path = Info.plist; sourceTree = "<group>"; };
		EA09C7C91DC1BFFE00486ADF /* DinningRoomViewController.swift */ = {isa = PBXFileReference; fileEncoding = 4; lastKnownFileType = sourcecode.swift; path = DinningRoomViewController.swift; sourceTree = "<group>"; };
		EA09C7CA1DC1BFFE00486ADF /* DinningRoomViewController.xib */ = {isa = PBXFileReference; fileEncoding = 4; lastKnownFileType = file.xib; path = DinningRoomViewController.xib; sourceTree = "<group>"; };
		EA09C7CD1DC1C00A00486ADF /* BedRoomViewController.swift */ = {isa = PBXFileReference; fileEncoding = 4; lastKnownFileType = sourcecode.swift; path = BedRoomViewController.swift; sourceTree = "<group>"; };
		EA09C7CE1DC1C00A00486ADF /* BedRoomViewController.xib */ = {isa = PBXFileReference; fileEncoding = 4; lastKnownFileType = file.xib; path = BedRoomViewController.xib; sourceTree = "<group>"; };
		EA09C7D11DC1C17D00486ADF /* 14333829_636074979894471_7575092079678901350_n.jpg */ = {isa = PBXFileReference; lastKnownFileType = image.jpeg; path = 14333829_636074979894471_7575092079678901350_n.jpg; sourceTree = "<group>"; };
/* End PBXFileReference section */

/* Begin PBXFrameworksBuildPhase section */
		EA09C7B11DC1BFD200486ADF /* Frameworks */ = {
			isa = PBXFrameworksBuildPhase;
			buildActionMask = 2147483647;
			files = (
			);
			runOnlyForDeploymentPostprocessing = 0;
		};
/* End PBXFrameworksBuildPhase section */

/* Begin PBXGroup section */
		EA09C7AB1DC1BFD200486ADF = {
			isa = PBXGroup;
			children = (
				EA09C7B61DC1BFD300486ADF /* realestate */,
				EA09C7B51DC1BFD300486ADF /* Products */,
			);
			sourceTree = "<group>";
		};
		EA09C7B51DC1BFD300486ADF /* Products */ = {
			isa = PBXGroup;
			children = (
				EA09C7B41DC1BFD300486ADF /* realestate.app */,
			);
			name = Products;
			sourceTree = "<group>";
		};
		EA09C7B61DC1BFD300486ADF /* realestate */ = {
			isa = PBXGroup;
			children = (
				EA09C7B71DC1BFD300486ADF /* AppDelegate.swift */,
				EA09C7B91DC1BFD300486ADF /* ViewController.swift */,
				EA09C7D11DC1C17D00486ADF /* 14333829_636074979894471_7575092079678901350_n.jpg */,
				48847BE81DC39BC300C5B917 /* 14292417_636075063227796_492714739699737027_n.jpg */,
				EA09C7BB1DC1BFD300486ADF /* Main.storyboard */,
				EA09C7CD1DC1C00A00486ADF /* BedRoomViewController.swift */,
				EA09C7CE1DC1C00A00486ADF /* BedRoomViewController.xib */,
				D00345411DC3143E001B8DFA /* BedRoom2ViewController.swift */,
				D00345421DC3143E001B8DFA /* BedRoom2ViewController.xib */,
				D00C11041DC1C13200206A26 /* broom.jpg */,
				EA09C7C91DC1BFFE00486ADF /* DinningRoomViewController.swift */,
				EA09C7CA1DC1BFFE00486ADF /* DinningRoomViewController.xib */,
				EA09C7BE1DC1BFD300486ADF /* Assets.xcassets */,
				EA09C7C01DC1BFD300486ADF /* LaunchScreen.storyboard */,
				EA09C7C31DC1BFD300486ADF /* Info.plist */,
			);
			path = realestate;
			sourceTree = "<group>";
		};
/* End PBXGroup section */

/* Begin PBXNativeTarget section */
		EA09C7B31DC1BFD200486ADF /* realestate */ = {
			isa = PBXNativeTarget;
			buildConfigurationList = EA09C7C61DC1BFD300486ADF /* Build configuration list for PBXNativeTarget "realestate" */;
			buildPhases = (
				EA09C7B01DC1BFD200486ADF /* Sources */,
				EA09C7B11DC1BFD200486ADF /* Frameworks */,
				EA09C7B21DC1BFD200486ADF /* Resources */,
			);
			buildRules = (
			);
			dependencies = (
			);
			name = realestate;
			productName = realestate;
			productReference = EA09C7B41DC1BFD300486ADF /* realestate.app */;
			productType = "com.apple.product-type.application";
		};
/* End PBXNativeTarget section */

/* Begin PBXProject section */
		EA09C7AC1DC1BFD200486ADF /* Project object */ = {
			isa = PBXProject;
			attributes = {
				LastSwiftUpdateCheck = 0800;
				LastUpgradeCheck = 0800;
				ORGANIZATIONNAME = smag;
				TargetAttributes = {
					EA09C7B31DC1BFD200486ADF = {
						CreatedOnToolsVersion = 8.0;
						DevelopmentTeam = K6X3R887QB;
						ProvisioningStyle = Automatic;
					};
				};
			};
			buildConfigurationList = EA09C7AF1DC1BFD200486ADF /* Build configuration list for PBXProject "realestate" */;
			compatibilityVersion = "Xcode 3.2";
			developmentRegion = English;
			hasScannedForEncodings = 0;
			knownRegions = (
				en,
				Base,
			);
			mainGroup = EA09C7AB1DC1BFD200486ADF;
			productRefGroup = EA09C7B51DC1BFD300486ADF /* Products */;
			projectDirPath = "";
			projectRoot = "";
			targets = (
				EA09C7B31DC1BFD200486ADF /* realestate */,
			);
		};
/* End PBXProject section */

/* Begin PBXResourcesBuildPhase section */
		EA09C7B21DC1BFD200486ADF /* Resources */ = {
			isa = PBXResourcesBuildPhase;
			buildActionMask = 2147483647;
			files = (
				D00345441DC3143E001B8DFA /* BedRoom2ViewController.xib in Resources */,
				EA09C7D01DC1C00A00486ADF /* BedRoomViewController.xib in Resources */,
				EA09C7C21DC1BFD300486ADF /* LaunchScreen.storyboard in Resources */,
				EA09C7CC1DC1BFFE00486ADF /* DinningRoomViewController.xib in Resources */,
				EA09C7D21DC1C17D00486ADF /* 14333829_636074979894471_7575092079678901350_n.jpg in Resources */,
				EA09C7BF1DC1BFD300486ADF /* Assets.xcassets in Resources */,
				EA09C7BD1DC1BFD300486ADF /* Main.storyboard in Resources */,
				48847BE91DC39BC300C5B917 /* 14292417_636075063227796_492714739699737027_n.jpg in Resources */,
				D00C11051DC1C13200206A26 /* broom.jpg in Resources */,
			);
			runOnlyForDeploymentPostprocessing = 0;
		};
/* End PBXResourcesBuildPhase section */

/* Begin PBXSourcesBuildPhase section */
		EA09C7B01DC1BFD200486ADF /* Sources */ = {
			isa = PBXSourcesBuildPhase;
			buildActionMask = 2147483647;
			files = (
				EA09C7BA1DC1BFD300486ADF /* ViewController.swift in Sources */,
				D00345431DC3143E001B8DFA /* BedRoom2ViewController.swift in Sources */,
				EA09C7CF1DC1C00A00486ADF /* BedRoomViewController.swift in Sources */,
				EA09C7CB1DC1BFFE00486ADF /* DinningRoomViewController.swift in Sources */,
				EA09C7B81DC1BFD300486ADF /* AppDelegate.swift in Sources */,
			);
			runOnlyForDeploymentPostprocessing = 0;
		};
/* End PBXSourcesBuildPhase section */

/* Begin PBXVariantGroup section */
		EA09C7BB1DC1BFD300486ADF /* Main.storyboard */ = {
			isa = PBXVariantGroup;
			children = (
				EA09C7BC1DC1BFD300486ADF /* Base */,
			);
			name = Main.storyboard;
			sourceTree = "<group>";
		};
		EA09C7C01DC1BFD300486ADF /* LaunchScreen.storyboard */ = {
			isa = PBXVariantGroup;
			children = (
				EA09C7C11DC1BFD300486ADF /* Base */,
			);
			name = LaunchScreen.storyboard;
			sourceTree = "<group>";
		};
/* End PBXVariantGroup section */

/* Begin XCBuildConfiguration section */
		EA09C7C41DC1BFD300486ADF /* Debug */ = {
			isa = XCBuildConfiguration;
			buildSettings = {
				ALWAYS_SEARCH_USER_PATHS = NO;
				CLANG_ANALYZER_NONNULL = YES;
				CLANG_CXX_LANGUAGE_STANDARD = "gnu++0x";
				CLANG_CXX_LIBRARY = "libc++";
				CLANG_ENABLE_MODULES = YES;
				CLANG_ENABLE_OBJC_ARC = YES;
				CLANG_WARN_BOOL_CONVERSION = YES;
				CLANG_WARN_CONSTANT_CONVERSION = YES;
				CLANG_WARN_DIRECT_OBJC_ISA_USAGE = YES_ERROR;
				CLANG_WARN_DOCUMENTATION_COMMENTS = YES;
				CLANG_WARN_EMPTY_BODY = YES;
				CLANG_WARN_ENUM_CONVERSION = YES;
				CLANG_WARN_INFINITE_RECURSION = YES;
				CLANG_WARN_INT_CONVERSION = YES;
				CLANG_WARN_OBJC_ROOT_CLASS = YES_ERROR;
				CLANG_WARN_SUSPICIOUS_MOVES = YES;
				CLANG_WARN_UNREACHABLE_CODE = YES;
				CLANG_WARN__DUPLICATE_METHOD_MATCH = YES;
				"CODE_SIGN_IDENTITY[sdk=iphoneos*]" = "iPhone Developer";
				COPY_PHASE_STRIP = NO;
				DEBUG_INFORMATION_FORMAT = dwarf;
				ENABLE_STRICT_OBJC_MSGSEND = YES;
				ENABLE_TESTABILITY = YES;
				GCC_C_LANGUAGE_STANDARD = gnu99;
				GCC_DYNAMIC_NO_PIC = NO;
				GCC_NO_COMMON_BLOCKS = YES;
				GCC_OPTIMIZATION_LEVEL = 0;
				GCC_PREPROCESSOR_DEFINITIONS = (
					"DEBUG=1",
					"$(inherited)",
				);
				GCC_WARN_64_TO_32_BIT_CONVERSION = YES;
				GCC_WARN_ABOUT_RETURN_TYPE = YES_ERROR;
				GCC_WARN_UNDECLARED_SELECTOR = YES;
				GCC_WARN_UNINITIALIZED_AUTOS = YES_AGGRESSIVE;
				GCC_WARN_UNUSED_FUNCTION = YES;
				GCC_WARN_UNUSED_VARIABLE = YES;
				IPHONEOS_DEPLOYMENT_TARGET = 10.0;
				MTL_ENABLE_DEBUG_INFO = YES;
				ONLY_ACTIVE_ARCH = YES;
				SDKROOT = iphoneos;
				SWIFT_ACTIVE_COMPILATION_CONDITIONS = DEBUG;
				SWIFT_OPTIMIZATION_LEVEL = "-Onone";
				TARGETED_DEVICE_FAMILY = "1,2";
			};
			name = Debug;
		};
		EA09C7C51DC1BFD300486ADF /* Release */ = {
			isa = XCBuildConfiguration;
			buildSettings = {
				ALWAYS_SEARCH_USER_PATHS = NO;
				CLANG_ANALYZER_NONNULL = YES;
				CLANG_CXX_LANGUAGE_STANDARD = "gnu++0x";
				CLANG_CXX_LIBRARY = "libc++";
				CLANG_ENABLE_MODULES = YES;
				CLANG_ENABLE_OBJC_ARC = YES;
				CLANG_WARN_BOOL_CONVERSION = YES;
				CLANG_WARN_CONSTANT_CONVERSION = YES;
				CLANG_WARN_DIRECT_OBJC_ISA_USAGE = YES_ERROR;
				CLANG_WARN_DOCUMENTATION_COMMENTS = YES;
				CLANG_WARN_EMPTY_BODY = YES;
				CLANG_WARN_ENUM_CONVERSION = YES;
				CLANG_WARN_INFINITE_RECURSION = YES;
				CLANG_WARN_INT_CONVERSION = YES;
				CLANG_WARN_OBJC_ROOT_CLASS = YES_ERROR;
				CLANG_WARN_SUSPICIOUS_MOVES = YES;
				CLANG_WARN_UNREACHABLE_CODE = YES;
				CLANG_WARN__DUPLICATE_METHOD_MATCH = YES;
				"CODE_SIGN_IDENTITY[sdk=iphoneos*]" = "iPhone Developer";
				COPY_PHASE_STRIP = NO;
				DEBUG_INFORMATION_FORMAT = "dwarf-with-dsym";
				ENABLE_NS_ASSERTIONS = NO;
				ENABLE_STRICT_OBJC_MSGSEND = YES;
				GCC_C_LANGUAGE_STANDARD = gnu99;
				GCC_NO_COMMON_BLOCKS = YES;
				GCC_WARN_64_TO_32_BIT_CONVERSION = YES;
				GCC_WARN_ABOUT_RETURN_TYPE = YES_ERROR;
				GCC_WARN_UNDECLARED_SELECTOR = YES;
				GCC_WARN_UNINITIALIZED_AUTOS = YES_AGGRESSIVE;
				GCC_WARN_UNUSED_FUNCTION = YES;
				GCC_WARN_UNUSED_VARIABLE = YES;
				IPHONEOS_DEPLOYMENT_TARGET = 10.0;
				MTL_ENABLE_DEBUG_INFO = NO;
				SDKROOT = iphoneos;
				SWIFT_OPTIMIZATION_LEVEL = "-Owholemodule";
				TARGETED_DEVICE_FAMILY = "1,2";
				VALIDATE_PRODUCT = YES;
			};
			name = Release;
		};
		EA09C7C71DC1BFD300486ADF /* Debug */ = {
			isa = XCBuildConfiguration;
			buildSettings = {
				ASSETCATALOG_COMPILER_APPICON_NAME = AppIcon;
				DEVELOPMENT_TEAM = K6X3R887QB;
				INFOPLIST_FILE = realestate/Info.plist;
				LD_RUNPATH_SEARCH_PATHS = "$(inherited) @executable_path/Frameworks";
				PRODUCT_BUNDLE_IDENTIFIER = com.smag.realestate;
				PRODUCT_NAME = "$(TARGET_NAME)";
				SWIFT_VERSION = 3.0;
			};
			name = Debug;
		};
		EA09C7C81DC1BFD300486ADF /* Release */ = {
			isa = XCBuildConfiguration;
			buildSettings = {
				ASSETCATALOG_COMPILER_APPICON_NAME = AppIcon;
				DEVELOPMENT_TEAM = K6X3R887QB;
				INFOPLIST_FILE = realestate/Info.plist;
				LD_RUNPATH_SEARCH_PATHS = "$(inherited) @executable_path/Frameworks";
				PRODUCT_BUNDLE_IDENTIFIER = com.smag.realestate;
				PRODUCT_NAME = "$(TARGET_NAME)";
				SWIFT_VERSION = 3.0;
			};
			name = Release;
		};
/* End XCBuildConfiguration section */

/* Begin XCConfigurationList section */
		EA09C7AF1DC1BFD200486ADF /* Build configuration list for PBXProject "realestate" */ = {
			isa = XCConfigurationList;
			buildConfigurations = (
				EA09C7C41DC1BFD300486ADF /* Debug */,
				EA09C7C51DC1BFD300486ADF /* Release */,
			);
			defaultConfigurationIsVisible = 0;
			defaultConfigurationName = Release;
		};
		EA09C7C61DC1BFD300486ADF /* Build configuration list for PBXNativeTarget "realestate" */ = {
			isa = XCConfigurationList;
			buildConfigurations = (
				EA09C7C71DC1BFD300486ADF /* Debug */,
				EA09C7C81DC1BFD300486ADF /* Release */,
			);
			defaultConfigurationIsVisible = 0;
			defaultConfigurationName = Release;
		};
/* End XCConfigurationList section */
	};
	rootObject = EA09C7AC1DC1BFD200486ADF /* Project object */;
}
